
Microsoft Visual Studio Solution File, Format Version 12.00
# Visual Studio 15
VisualStudioVersion = 15.0.27703.2026
MinimumVisualStudioVersion = 10.0.40219.1
Project("{FAE04EC0-301F-11D3-BF4B-00C04F79EFBC}") = "MVCProject", "MVCProject\MVCProject.csproj", "{0A4D81ED-ED48-4742-ABBE-775EC38FC105}"
EndProject
Global
	GlobalSection(SolutionConfigurationPlatforms) = preSolution
		Debug|Any CPU = Debug|Any CPU
		Release|Any CPU = Release|Any CPU
	EndGlobalSection
	GlobalSection(ProjectConfigurationPlatforms) = postSolution
		{0A4D81ED-ED48-4742-ABBE-775EC38FC105}.Debug|Any CPU.ActiveCfg = Debug|Any CPU
		{0A4D81ED-ED48-4742-ABBE-775EC38FC105}.Debug|Any CPU.Build.0 = Debug|Any CPU
		{0A4D81ED-ED48-4742-ABBE-775EC38FC105}.Release|Any CPU.ActiveCfg = Release|Any CPU
		{0A4D81ED-ED48-4742-ABBE-775EC38FC105}.Release|Any CPU.Build.0 = Release|Any CPU
	EndGlobalSection
	GlobalSection(SolutionProperties) = preSolution
		HideSolutionNode = FALSE
	EndGlobalSection
	GlobalSection(ExtensibilityGlobals) = postSolution
		SolutionGuid = {84AF0BD4-FDB8-4A96-8A94-64365DCE55E3}
	EndGlobalSection
EndGlobal
